// !$*UTF8*$!
{
	archiveVersion = 1;
	classes = {
	};
	objectVersion = 46;
	objects = {

/* Begin PBXBuildFile section */
		6239AE3E1A5E7B5A009DF1EC /* AppDelegate.swift in Sources */ = {isa = PBXBuildFile; fileRef = 6239AE3D1A5E7B5A009DF1EC /* AppDelegate.swift */; };
		6239AE401A5E7B5A009DF1EC /* FirstViewController.swift in Sources */ = {isa = PBXBuildFile; fileRef = 6239AE3F1A5E7B5A009DF1EC /* FirstViewController.swift */; };
		6239AE421A5E7B5A009DF1EC /* SecondViewController.swift in Sources */ = {isa = PBXBuildFile; fileRef = 6239AE411A5E7B5A009DF1EC /* SecondViewController.swift */; };
		6239AE451A5E7B5A009DF1EC /* Main.storyboard in Resources */ = {isa = PBXBuildFile; fileRef = 6239AE431A5E7B5A009DF1EC /* Main.storyboard */; };
		6239AE471A5E7B5A009DF1EC /* Images.xcassets in Resources */ = {isa = PBXBuildFile; fileRef = 6239AE461A5E7B5A009DF1EC /* Images.xcassets */; };
		6239AE4A1A5E7B5A009DF1EC /* LaunchScreen.xib in Resources */ = {isa = PBXBuildFile; fileRef = 6239AE481A5E7B5A009DF1EC /* LaunchScreen.xib */; };
		6239AE561A5E7B5A009DF1EC /* SmartClosetTests.swift in Sources */ = {isa = PBXBuildFile; fileRef = 6239AE551A5E7B5A009DF1EC /* SmartClosetTests.swift */; };
/* End PBXBuildFile section */

/* Begin PBXContainerItemProxy section */
		6239AE501A5E7B5A009DF1EC /* PBXContainerItemProxy */ = {
			isa = PBXContainerItemProxy;
			containerPortal = 6239AE301A5E7B5A009DF1EC /* Project object */;
			proxyType = 1;
			remoteGlobalIDString = 6239AE371A5E7B5A009DF1EC;
			remoteInfo = SmartCloset;
		};
/* End PBXContainerItemProxy section */

/* Begin PBXFileReference section */
		6239AE381A5E7B5A009DF1EC /* SmartCloset.app */ = {isa = PBXFileReference; explicitFileType = wrapper.application; includeInIndex = 0; path = SmartCloset.app; sourceTree = BUILT_PRODUCTS_DIR; };
		6239AE3C1A5E7B5A009DF1EC /* Info.plist */ = {isa = PBXFileReference; lastKnownFileType = text.plist.xml; path = Info.plist; sourceTree = "<group>"; };
		6239AE3D1A5E7B5A009DF1EC /* AppDelegate.swift */ = {isa = PBXFileReference; lastKnownFileType = sourcecode.swift; path = AppDelegate.swift; sourceTree = "<group>"; };
		6239AE3F1A5E7B5A009DF1EC /* FirstViewController.swift */ = {isa = PBXFileReference; lastKnownFileType = sourcecode.swift; path = FirstViewController.swift; sourceTree = "<group>"; };
		6239AE411A5E7B5A009DF1EC /* SecondViewController.swift */ = {isa = PBXFileReference; lastKnownFileType = sourcecode.swift; path = SecondViewController.swift; sourceTree = "<group>"; };
		6239AE441A5E7B5A009DF1EC /* Base */ = {isa = PBXFileReference; lastKnownFileType = file.storyboard; name = Base; path = Base.lproj/Main.storyboard; sourceTree = "<group>"; };
		6239AE461A5E7B5A009DF1EC /* Images.xcassets */ = {isa = PBXFileReference; lastKnownFileType = folder.assetcatalog; path = Images.xcassets; sourceTree = "<group>"; };
		6239AE491A5E7B5A009DF1EC /* Base */ = {isa = PBXFileReference; lastKnownFileType = file.xib; name = Base; path = Base.lproj/LaunchScreen.xib; sourceTree = "<group>"; };
		6239AE4F1A5E7B5A009DF1EC /* SmartClosetTests.xctest */ = {isa = PBXFileReference; explicitFileType = wrapper.cfbundle; includeInIndex = 0; path = SmartClosetTests.xctest; sourceTree = BUILT_PRODUCTS_DIR; };
		6239AE541A5E7B5A009DF1EC /* Info.plist */ = {isa = PBXFileReference; lastKnownFileType = text.plist.xml; path = Info.plist; sourceTree = "<group>"; };
		6239AE551A5E7B5A009DF1EC /* SmartClosetTests.swift */ = {isa = PBXFileReference; lastKnownFileType = sourcecode.swift; path = SmartClosetTests.swift; sourceTree = "<group>"; };
/* End PBXFileReference section */

/* Begin PBXFrameworksBuildPhase section */
		6239AE351A5E7B5A009DF1EC /* Frameworks */ = {
			isa = PBXFrameworksBuildPhase;
			buildActionMask = 2147483647;
			files = (
			);
			runOnlyForDeploymentPostprocessing = 0;
		};
		6239AE4C1A5E7B5A009DF1EC /* Frameworks */ = {
			isa = PBXFrameworksBuildPhase;
			buildActionMask = 2147483647;
			files = (
			);
			runOnlyForDeploymentPostprocessing = 0;
		};
/* End PBXFrameworksBuildPhase section */

/* Begin PBXGroup section */
		6239AE2F1A5E7B5A009DF1EC = {
			isa = PBXGroup;
			children = (
				6239AE3A1A5E7B5A009DF1EC /* SmartCloset */,
				6239AE521A5E7B5A009DF1EC /* SmartClosetTests */,
				6239AE391A5E7B5A009DF1EC /* Products */,
			);
			sourceTree = "<group>";
		};
		6239AE391A5E7B5A009DF1EC /* Products */ = {
			isa = PBXGroup;
			children = (
				6239AE381A5E7B5A009DF1EC /* SmartCloset.app */,
				6239AE4F1A5E7B5A009DF1EC /* SmartClosetTests.xctest */,
			);
			name = Products;
			sourceTree = "<group>";
		};
		6239AE3A1A5E7B5A009DF1EC /* SmartCloset */ = {
			isa = PBXGroup;
			children = (
				6239AE3D1A5E7B5A009DF1EC /* AppDelegate.swift */,
				6239AE3F1A5E7B5A009DF1EC /* FirstViewController.swift */,
				6239AE411A5E7B5A009DF1EC /* SecondViewController.swift */,
				6239AE431A5E7B5A009DF1EC /* Main.storyboard */,
				6239AE461A5E7B5A009DF1EC /* Images.xcassets */,
				6239AE481A5E7B5A009DF1EC /* LaunchScreen.xib */,
				6239AE3B1A5E7B5A009DF1EC /* Supporting Files */,
			);
			path = SmartCloset;
			sourceTree = "<group>";
		};
		6239AE3B1A5E7B5A009DF1EC /* Supporting Files */ = {
			isa = PBXGroup;
			children = (
				6239AE3C1A5E7B5A009DF1EC /* Info.plist */,
			);
			name = "Supporting Files";
			sourceTree = "<group>";
		};
		6239AE521A5E7B5A009DF1EC /* SmartClosetTests */ = {
			isa = PBXGroup;
			children = (
				6239AE551A5E7B5A009DF1EC /* SmartClosetTests.swift */,
				6239AE531A5E7B5A009DF1EC /* Supporting Files */,
			);
			path = SmartClosetTests;
			sourceTree = "<group>";
		};
		6239AE531A5E7B5A009DF1EC /* Supporting Files */ = {
			isa = PBXGroup;
			children = (
				6239AE541A5E7B5A009DF1EC /* Info.plist */,
			);
			name = "Supporting Files";
			sourceTree = "<group>";
		};
/* End PBXGroup section */

/* Begin PBXNativeTarget section */
		6239AE371A5E7B5A009DF1EC /* SmartCloset */ = {
			isa = PBXNativeTarget;
			buildConfigurationList = 6239AE591A5E7B5A009DF1EC /* Build configuration list for PBXNativeTarget "SmartCloset" */;
			buildPhases = (
				6239AE341A5E7B5A009DF1EC /* Sources */,
				6239AE351A5E7B5A009DF1EC /* Frameworks */,
				6239AE361A5E7B5A009DF1EC /* Resources */,
			);
			buildRules = (
			);
			dependencies = (
			);
			name = SmartCloset;
			productName = SmartCloset;
			productReference = 6239AE381A5E7B5A009DF1EC /* SmartCloset.app */;
			productType = "com.apple.product-type.application";
		};
		6239AE4E1A5E7B5A009DF1EC /* SmartClosetTests */ = {
			isa = PBXNativeTarget;
			buildConfigurationList = 6239AE5C1A5E7B5A009DF1EC /* Build configuration list for PBXNativeTarget "SmartClosetTests" */;
			buildPhases = (
				6239AE4B1A5E7B5A009DF1EC /* Sources */,
				6239AE4C1A5E7B5A009DF1EC /* Frameworks */,
				6239AE4D1A5E7B5A009DF1EC /* Resources */,
			);
			buildRules = (
			);
			dependencies = (
				6239AE511A5E7B5A009DF1EC /* PBXTargetDependency */,
			);
			name = SmartClosetTests;
			productName = SmartClosetTests;
			productReference = 6239AE4F1A5E7B5A009DF1EC /* SmartClosetTests.xctest */;
			productType = "com.apple.product-type.bundle.unit-test";
		};
/* End PBXNativeTarget section */

/* Begin PBXProject section */
		6239AE301A5E7B5A009DF1EC /* Project object */ = {
			isa = PBXProject;
			attributes = {
				LastUpgradeCheck = 0610;
				ORGANIZATIONNAME = "Elvis Lam";
				TargetAttributes = {
					6239AE371A5E7B5A009DF1EC = {
						CreatedOnToolsVersion = 6.1.1;
					};
					6239AE4E1A5E7B5A009DF1EC = {
						CreatedOnToolsVersion = 6.1.1;
						TestTargetID = 6239AE371A5E7B5A009DF1EC;
					};
				};
			};
			buildConfigurationList = 6239AE331A5E7B5A009DF1EC /* Build configuration list for PBXProject "SmartCloset" */;
			compatibilityVersion = "Xcode 3.2";
			developmentRegion = English;
			hasScannedForEncodings = 0;
			knownRegions = (
				en,
				Base,
			);
			mainGroup = 6239AE2F1A5E7B5A009DF1EC;
			productRefGroup = 6239AE391A5E7B5A009DF1EC /* Products */;
			projectDirPath = "";
			projectRoot = "";
			targets = (
				6239AE371A5E7B5A009DF1EC /* SmartCloset */,
				6239AE4E1A5E7B5A009DF1EC /* SmartClosetTests */,
			);
		};
/* End PBXProject section */

/* Begin PBXResourcesBuildPhase section */
		6239AE361A5E7B5A009DF1EC /* Resources */ = {
			isa = PBXResourcesBuildPhase;
			buildActionMask = 2147483647;
			files = (
				6239AE451A5E7B5A009DF1EC /* Main.storyboard in Resources */,
				6239AE4A1A5E7B5A009DF1EC /* LaunchScreen.xib in Resources */,
				6239AE471A5E7B5A009DF1EC /* Images.xcassets in Resources */,
			);
			runOnlyForDeploymentPostprocessing = 0;
		};
		6239AE4D1A5E7B5A009DF1EC /* Resources */ = {
			isa = PBXResourcesBuildPhase;
			buildActionMask = 2147483647;
			files = (
			);
			runOnlyForDeploymentPostprocessing = 0;
		};
/* End PBXResourcesBuildPhase section */

/* Begin PBXSourcesBuildPhase section */
		6239AE341A5E7B5A009DF1EC /* Sources */ = {
			isa = PBXSourcesBuildPhase;
			buildActionMask = 2147483647;
			files = (
				6239AE421A5E7B5A009DF1EC /* SecondViewController.swift in Sources */,
				6239AE3E1A5E7B5A009DF1EC /* AppDelegate.swift in Sources */,
				6239AE401A5E7B5A009DF1EC /* FirstViewController.swift in Sources */,
			);
			runOnlyForDeploymentPostprocessing = 0;
		};
		6239AE4B1A5E7B5A009DF1EC /* Sources */ = {
			isa = PBXSourcesBuildPhase;
			buildActionMask = 2147483647;
			files = (
				6239AE561A5E7B5A009DF1EC /* SmartClosetTests.swift in Sources */,
			);
			runOnlyForDeploymentPostprocessing = 0;
		};
/* End PBXSourcesBuildPhase section */

/* Begin PBXTargetDependency section */
		6239AE511A5E7B5A009DF1EC /* PBXTargetDependency */ = {
			isa = PBXTargetDependency;
			target = 6239AE371A5E7B5A009DF1EC /* SmartCloset */;
			targetProxy = 6239AE501A5E7B5A009DF1EC /* PBXContainerItemProxy */;
		};
/* End PBXTargetDependency section */

/* Begin PBXVariantGroup section */
		6239AE431A5E7B5A009DF1EC /* Main.storyboard */ = {
			isa = PBXVariantGroup;
			children = (
				6239AE441A5E7B5A009DF1EC /* Base */,
			);
			name = Main.storyboard;
			sourceTree = "<group>";
		};
		6239AE481A5E7B5A009DF1EC /* LaunchScreen.xib */ = {
			isa = PBXVariantGroup;
			children = (
				6239AE491A5E7B5A009DF1EC /* Base */,
			);
			name = LaunchScreen.xib;
			sourceTree = "<group>";
		};
/* End PBXVariantGroup section */

/* Begin XCBuildConfiguration section */
		6239AE571A5E7B5A009DF1EC /* Debug */ = {
			isa = XCBuildConfiguration;
			buildSettings = {
				ALWAYS_SEARCH_USER_PATHS = NO;
				CLANG_CXX_LANGUAGE_STANDARD = "gnu++0x";
				CLANG_CXX_LIBRARY = "libc++";
				CLANG_ENABLE_MODULES = YES;
				CLANG_ENABLE_OBJC_ARC = YES;
				CLANG_WARN_BOOL_CONVERSION = YES;
				CLANG_WARN_CONSTANT_CONVERSION = YES;
				CLANG_WARN_DIRECT_OBJC_ISA_USAGE = YES_ERROR;
				CLANG_WARN_EMPTY_BODY = YES;
				CLANG_WARN_ENUM_CONVERSION = YES;
				CLANG_WARN_INT_CONVERSION = YES;
				CLANG_WARN_OBJC_ROOT_CLASS = YES_ERROR;
				CLANG_WARN_UNREACHABLE_CODE = YES;
				CLANG_WARN__DUPLICATE_METHOD_MATCH = YES;
				"CODE_SIGN_IDENTITY[sdk=iphoneos*]" = "iPhone Developer";
				COPY_PHASE_STRIP = NO;
				ENABLE_STRICT_OBJC_MSGSEND = YES;
				GCC_C_LANGUAGE_STANDARD = gnu99;
				GCC_DYNAMIC_NO_PIC = NO;
				GCC_OPTIMIZATION_LEVEL = 0;
				GCC_PREPROCESSOR_DEFINITIONS = (
					"DEBUG=1",
					"$(inherited)",
				);
				GCC_SYMBOLS_PRIVATE_EXTERN = NO;
				GCC_WARN_64_TO_32_BIT_CONVERSION = YES;
				GCC_WARN_ABOUT_RETURN_TYPE = YES_ERROR;
				GCC_WARN_UNDECLARED_SELECTOR = YES;
				GCC_WARN_UNINITIALIZED_AUTOS = YES_AGGRESSIVE;
				GCC_WARN_UNUSED_FUNCTION = YES;
				GCC_WARN_UNUSED_VARIABLE = YES;
				IPHONEOS_DEPLOYMENT_TARGET = 8.1;
				MTL_ENABLE_DEBUG_INFO = YES;
				ONLY_ACTIVE_ARCH = YES;
				SDKROOT = iphoneos;
				SWIFT_OPTIMIZATION_LEVEL = "-Onone";
				TARGETED_DEVICE_FAMILY = "1,2";
			};
			name = Debug;
		};
		6239AE581A5E7B5A009DF1EC /* Release */ = {
			isa = XCBuildConfiguration;
			buildSettings = {
				ALWAYS_SEARCH_USER_PATHS = NO;
				CLANG_CXX_LANGUAGE_STANDARD = "gnu++0x";
				CLANG_CXX_LIBRARY = "libc++";
				CLANG_ENABLE_MODULES = YES;
				CLANG_ENABLE_OBJC_ARC = YES;
				CLANG_WARN_BOOL_CONVERSION = YES;
				CLANG_WARN_CONSTANT_CONVERSION = YES;
				CLANG_WARN_DIRECT_OBJC_ISA_USAGE = YES_ERROR;
				CLANG_WARN_EMPTY_BODY = YES;
				CLANG_WARN_ENUM_CONVERSION = YES;
				CLANG_WARN_INT_CONVERSION = YES;
				CLANG_WARN_OBJC_ROOT_CLASS = YES_ERROR;
				CLANG_WARN_UNREACHABLE_CODE = YES;
				CLANG_WARN__DUPLICATE_METHOD_MATCH = YES;
				"CODE_SIGN_IDENTITY[sdk=iphoneos*]" = "iPhone Developer";
				COPY_PHASE_STRIP = YES;
				ENABLE_NS_ASSERTIONS = NO;
				ENABLE_STRICT_OBJC_MSGSEND = YES;
				GCC_C_LANGUAGE_STANDARD = gnu99;
				GCC_WARN_64_TO_32_BIT_CONVERSION = YES;
				GCC_WARN_ABOUT_RETURN_TYPE = YES_ERROR;
				GCC_WARN_UNDECLARED_SELECTOR = YES;
				GCC_WARN_UNINITIALIZED_AUTOS = YES_AGGRESSIVE;
				GCC_WARN_UNUSED_FUNCTION = YES;
				GCC_WARN_UNUSED_VARIABLE = YES;
				IPHONEOS_DEPLOYMENT_TARGET = 8.1;
				MTL_ENABLE_DEBUG_INFO = NO;
				SDKROOT = iphoneos;
				TARGETED_DEVICE_FAMILY = "1,2";
				VALIDATE_PRODUCT = YES;
			};
			name = Release;
		};
		6239AE5A1A5E7B5A009DF1EC /* Debug */ = {
			isa = XCBuildConfiguration;
			buildSettings = {
				ASSETCATALOG_COMPILER_APPICON_NAME = AppIcon;
				INFOPLIST_FILE = SmartCloset/Info.plist;
				LD_RUNPATH_SEARCH_PATHS = "$(inherited) @executable_path/Frameworks";
				PRODUCT_NAME = "$(TARGET_NAME)";
			};
			name = Debug;
		};
		6239AE5B1A5E7B5A009DF1EC /* Release */ = {
			isa = XCBuildConfiguration;
			buildSettings = {
				ASSETCATALOG_COMPILER_APPICON_NAME = AppIcon;
				INFOPLIST_FILE = SmartCloset/Info.plist;
				LD_RUNPATH_SEARCH_PATHS = "$(inherited) @executable_path/Frameworks";
				PRODUCT_NAME = "$(TARGET_NAME)";
			};
			name = Release;
		};
		6239AE5D1A5E7B5A009DF1EC /* Debug */ = {
			isa = XCBuildConfiguration;
			buildSettings = {
				BUNDLE_LOADER = "$(TEST_HOST)";
				FRAMEWORK_SEARCH_PATHS = (
					"$(SDKROOT)/Developer/Library/Frameworks",
					"$(inherited)",
				);
				GCC_PREPROCESSOR_DEFINITIONS = (
					"DEBUG=1",
					"$(inherited)",
				);
				INFOPLIST_FILE = SmartClosetTests/Info.plist;
				LD_RUNPATH_SEARCH_PATHS = "$(inherited) @executable_path/Frameworks @loader_path/Frameworks";
				PRODUCT_NAME = "$(TARGET_NAME)";
				TEST_HOST = "$(BUILT_PRODUCTS_DIR)/SmartCloset.app/SmartCloset";
			};
			name = Debug;
		};
		6239AE5E1A5E7B5A009DF1EC /* Release */ = {
			isa = XCBuildConfiguration;
			buildSettings = {
				BUNDLE_LOADER = "$(TEST_HOST)";
				FRAMEWORK_SEARCH_PATHS = (
					"$(SDKROOT)/Developer/Library/Frameworks",
					"$(inherited)",
				);
				INFOPLIST_FILE = SmartClosetTests/Info.plist;
				LD_RUNPATH_SEARCH_PATHS = "$(inherited) @executable_path/Frameworks @loader_path/Frameworks";
				PRODUCT_NAME = "$(TARGET_NAME)";
				TEST_HOST = "$(BUILT_PRODUCTS_DIR)/SmartCloset.app/SmartCloset";
			};
			name = Release;
		};
/* End XCBuildConfiguration section */

/* Begin XCConfigurationList section */
		6239AE331A5E7B5A009DF1EC /* Build configuration list for PBXProject "SmartCloset" */ = {
			isa = XCConfigurationList;
			buildConfigurations = (
				6239AE571A5E7B5A009DF1EC /* Debug */,
				6239AE581A5E7B5A009DF1EC /* Release */,
			);
			defaultConfigurationIsVisible = 0;
			defaultConfigurationName = Release;
		};
		6239AE591A5E7B5A009DF1EC /* Build configuration list for PBXNativeTarget "SmartCloset" */ = {
			isa = XCConfigurationList;
			buildConfigurations = (
				6239AE5A1A5E7B5A009DF1EC /* Debug */,
				6239AE5B1A5E7B5A009DF1EC /* Release */,
			);
			defaultConfigurationIsVisible = 0;
		};
		6239AE5C1A5E7B5A009DF1EC /* Build configuration list for PBXNativeTarget "SmartClosetTests" */ = {
			isa = XCConfigurationList;
			buildConfigurations = (
				6239AE5D1A5E7B5A009DF1EC /* Debug */,
				6239AE5E1A5E7B5A009DF1EC /* Release */,
			);
			defaultConfigurationIsVisible = 0;
		};
/* End XCConfigurationList section */
	};
	rootObject = 6239AE301A5E7B5A009DF1EC /* Project object */;
}
